{
  "name": "vanilla-form",
  "lockfileVersion": 2,
  "requires": true,
  "packages": {
    "": {
      "dependencies": {
        "@fortawesome/fontawesome-free": "^6.2.0"
      }
    },
    "node_modules/@fortawesome/fontawesome-free": {
      "version": "6.2.0",
      "resolved": "https://registry.npmjs.org/@fortawesome/fontawesome-free/-/fontawesome-free-6.2.0.tgz",
      "integrity": "sha512-CNR7qRIfCwWHNN7FnKUniva94edPdyQzil/zCwk3v6k4R6rR2Fr8i4s3PM7n/lyfPA6Zfko9z5WDzFxG9SW1uQ==",
      "hasInstallScript": true,
      "engines": {
        "node": ">=6"
      }
    }
  },
  "dependencies": {
    "@fortawesome/fontawesome-free": {
      "version": "6.2.0",
      "resolved": "https://registry.npmjs.org/@fortawesome/fontawesome-free/-/fontawesome-free-6.2.0.tgz",
      "integrity": "sha512-CNR7qRIfCwWHNN7FnKUniva94edPdyQzil/zCwk3v6k4R6rR2Fr8i4s3PM7n/lyfPA6Zfko9z5WDzFxG9SW1uQ=="
    }
  }
}
